
Microsoft Visual Studio Solution File, Format Version 12.00
# Visual Studio Version 17
VisualStudioVersion = 17.10.35013.160
MinimumVisualStudioVersion = 10.0.40219.1
Project("{9A19103F-16F7-4668-BE54-9A1E7A4F7556}") = "Pkcs11Test", "Pkcs11Test\Pkcs11Test.csproj", "{71263A93-D282-4515-8AE1-AE58C063AAAE}"
EndProject
Project("{9A19103F-16F7-4668-BE54-9A1E7A4F7556}") = "Pkcs11TestWinForms", "Pkcs11TestWinForms\Pkcs11TestWinForms.csproj", "{98961626-570F-4055-9431-8D2B3D2B59F2}"
EndProject
Global
	GlobalSection(SolutionConfigurationPlatforms) = preSolution
		Debug|Any CPU = Debug|Any CPU
		Release|Any CPU = Release|Any CPU
	EndGlobalSection
	GlobalSection(ProjectConfigurationPlatforms) = postSolution
		{71263A93-D282-4515-8AE1-AE58C063AAAE}.Debug|Any CPU.ActiveCfg = Debug|Any CPU
		{71263A93-D282-4515-8AE1-AE58C063AAAE}.Debug|Any CPU.Build.0 = Debug|Any CPU
		{71263A93-D282-4515-8AE1-AE58C063AAAE}.Release|Any CPU.ActiveCfg = Release|Any CPU
		{71263A93-D282-4515-8AE1-AE58C063AAAE}.Release|Any CPU.Build.0 = Release|Any CPU
		{98961626-570F-4055-9431-8D2B3D2B59F2}.Debug|Any CPU.ActiveCfg = Debug|Any CPU
		{98961626-570F-4055-9431-8D2B3D2B59F2}.Debug|Any CPU.Build.0 = Debug|Any CPU
		{98961626-570F-4055-9431-8D2B3D2B59F2}.Release|Any CPU.ActiveCfg = Release|Any CPU
		{98961626-570F-4055-9431-8D2B3D2B59F2}.Release|Any CPU.Build.0 = Release|Any CPU
	EndGlobalSection
	GlobalSection(SolutionProperties) = preSolution
		HideSolutionNode = FALSE
	EndGlobalSection
	GlobalSection(ExtensibilityGlobals) = postSolution
		SolutionGuid = {19AB136D-E862-4229-B679-8786F35AA3FE}
	EndGlobalSection
EndGlobal
